
Microsoft Visual Studio Solution File, Format Version 12.00
# Visual Studio 2012
Project("{FAE04EC0-301F-11D3-BF4B-00C04F79EFBC}") = "Movi.Model", "Movi.Model\Movi.Model.csproj", "{9AE33960-79AD-4825-B372-C907D400B833}"
EndProject
Project("{FAE04EC0-301F-11D3-BF4B-00C04F79EFBC}") = "Movi.Controllers", "Movi.Controller\Movi.Controllers.csproj", "{EEF41AB6-8E2D-4553-9266-2C096085646A}"
EndProject
Project("{FAE04EC0-301F-11D3-BF4B-00C04F79EFBC}") = "Movi.Common", "Movi.Common\Movi.Common.csproj", "{9BE40224-386E-48A8-B9D2-4DC8D0044F0A}"
EndProject
Project("{2150E333-8FDC-42A3-9474-1A3956D46DE8}") = "Movi.DataGrab", "Movi.DataGrab", "{1F3B28AC-317E-432D-9152-8C6F1588568A}"
EndProject
Project("{FAE04EC0-301F-11D3-BF4B-00C04F79EFBC}") = "Movi.Service", "Movi.Service\Movi.Service.csproj", "{C6DC0709-30F7-4737-ACE3-EDA6531A24DF}"
EndProject
Project("{2150E333-8FDC-42A3-9474-1A3956D46DE8}") = "Movi.Repository", "Movi.Repository", "{7EF87E72-1066-496B-92E5-4E4B5417928A}"
EndProject
Project("{FAE04EC0-301F-11D3-BF4B-00C04F79EFBC}") = "Movi.IRepository", "Movi.IRepository\Movi.IRepository.csproj", "{F01EF335-BF29-4395-8BA5-ED37708B8724}"
EndProject
Project("{FAE04EC0-301F-11D3-BF4B-00C04F79EFBC}") = "Movi.RazorWeb", "Movi.RazorWeb\Movi.RazorWeb.csproj", "{2200E67E-605F-45FA-8DAD-B7F29999BF38}"
EndProject
Project("{FAE04EC0-301F-11D3-BF4B-00C04F79EFBC}") = "Movi.IService", "Movi.IService\Movi.IService.csproj", "{CD7D12E1-B069-49B0-9043-B355FDBE81EA}"
EndProject
Project("{2150E333-8FDC-42A3-9474-1A3956D46DE8}") = "Movi.Services", "Movi.Services", "{46CF2198-6DBB-4447-87DE-83B45EC0F422}"
EndProject
Project("{FAE04EC0-301F-11D3-BF4B-00C04F79EFBC}") = "Movi.Extension", "Movi.Extension\Movi.Extension.csproj", "{141CEB8F-B719-464D-93A8-6983D9383C6A}"
EndProject
Project("{FAE04EC0-301F-11D3-BF4B-00C04F79EFBC}") = "Movi.MongoRepository", "Movi.MongoRepository\Movi.MongoRepository.csproj", "{84F97B08-DF50-47A5-B658-23C84F330E5A}"
EndProject
Project("{FAE04EC0-301F-11D3-BF4B-00C04F79EFBC}") = "Movi.UnitTest", "Movi.UnitTest\Movi.UnitTest.csproj", "{082D0983-C28E-4FC0-AC49-D1122A3A09CE}"
EndProject
Project("{FAE04EC0-301F-11D3-BF4B-00C04F79EFBC}") = "Movi.IGrabService", "Movi.IGrabService\Movi.IGrabService.csproj", "{E2A966FF-C7B4-4B5D-B9D5-1655596482C7}"
EndProject
Project("{FAE04EC0-301F-11D3-BF4B-00C04F79EFBC}") = "Movi.ImaxGrabService", "Movi.ImaxGrabService\Movi.ImaxGrabService.csproj", "{8A4F7B2F-278A-4CCB-95FF-8CA24A450E42}"
EndProject
Project("{FAE04EC0-301F-11D3-BF4B-00C04F79EFBC}") = "Movi.EFRepository", "Movi.EFRepository\Movi.EFRepository.csproj", "{BB31590F-34D7-4BB4-A02E-FC12832F5B09}"
EndProject
Project("{FAE04EC0-301F-11D3-BF4B-00C04F79EFBC}") = "Movi.RepositoryFactory", "Movi.RepositoryFactory\Movi.RepositoryFactory.csproj", "{00CA6E57-2690-49CA-B104-A2CF2721D49A}"
EndProject
Project("{FAE04EC0-301F-11D3-BF4B-00C04F79EFBC}") = "Movi.ViewModel", "Movi.ViewModel\Movi.ViewModel.csproj", "{0E56902B-F5E7-4DC6-95B2-315CBD12C984}"
EndProject
Global
	GlobalSection(SolutionConfigurationPlatforms) = preSolution
		Debug|Any CPU = Debug|Any CPU
		Debug|ARM = Debug|ARM
		Debug|x86 = Debug|x86
		Release|Any CPU = Release|Any CPU
		Release|ARM = Release|ARM
		Release|x86 = Release|x86
	EndGlobalSection
	GlobalSection(ProjectConfigurationPlatforms) = postSolution
		{9AE33960-79AD-4825-B372-C907D400B833}.Debug|Any CPU.ActiveCfg = Debug|Any CPU
		{9AE33960-79AD-4825-B372-C907D400B833}.Debug|Any CPU.Build.0 = Debug|Any CPU
		{9AE33960-79AD-4825-B372-C907D400B833}.Debug|ARM.ActiveCfg = Debug|Any CPU
		{9AE33960-79AD-4825-B372-C907D400B833}.Debug|x86.ActiveCfg = Debug|Any CPU
		{9AE33960-79AD-4825-B372-C907D400B833}.Release|Any CPU.ActiveCfg = Release|Any CPU
		{9AE33960-79AD-4825-B372-C907D400B833}.Release|Any CPU.Build.0 = Release|Any CPU
		{9AE33960-79AD-4825-B372-C907D400B833}.Release|ARM.ActiveCfg = Release|Any CPU
		{9AE33960-79AD-4825-B372-C907D400B833}.Release|x86.ActiveCfg = Release|Any CPU
		{EEF41AB6-8E2D-4553-9266-2C096085646A}.Debug|Any CPU.ActiveCfg = Debug|Any CPU
		{EEF41AB6-8E2D-4553-9266-2C096085646A}.Debug|Any CPU.Build.0 = Debug|Any CPU
		{EEF41AB6-8E2D-4553-9266-2C096085646A}.Debug|ARM.ActiveCfg = Debug|Any CPU
		{EEF41AB6-8E2D-4553-9266-2C096085646A}.Debug|x86.ActiveCfg = Debug|Any CPU
		{EEF41AB6-8E2D-4553-9266-2C096085646A}.Release|Any CPU.ActiveCfg = Release|Any CPU
		{EEF41AB6-8E2D-4553-9266-2C096085646A}.Release|Any CPU.Build.0 = Release|Any CPU
		{EEF41AB6-8E2D-4553-9266-2C096085646A}.Release|ARM.ActiveCfg = Release|Any CPU
		{EEF41AB6-8E2D-4553-9266-2C096085646A}.Release|x86.ActiveCfg = Release|Any CPU
		{9BE40224-386E-48A8-B9D2-4DC8D0044F0A}.Debug|Any CPU.ActiveCfg = Debug|Any CPU
		{9BE40224-386E-48A8-B9D2-4DC8D0044F0A}.Debug|Any CPU.Build.0 = Debug|Any CPU
		{9BE40224-386E-48A8-B9D2-4DC8D0044F0A}.Debug|ARM.ActiveCfg = Debug|Any CPU
		{9BE40224-386E-48A8-B9D2-4DC8D0044F0A}.Debug|x86.ActiveCfg = Debug|Any CPU
		{9BE40224-386E-48A8-B9D2-4DC8D0044F0A}.Release|Any CPU.ActiveCfg = Release|Any CPU
		{9BE40224-386E-48A8-B9D2-4DC8D0044F0A}.Release|Any CPU.Build.0 = Release|Any CPU
		{9BE40224-386E-48A8-B9D2-4DC8D0044F0A}.Release|ARM.ActiveCfg = Release|Any CPU
		{9BE40224-386E-48A8-B9D2-4DC8D0044F0A}.Release|x86.ActiveCfg = Release|Any CPU
		{C6DC0709-30F7-4737-ACE3-EDA6531A24DF}.Debug|Any CPU.ActiveCfg = Debug|Any CPU
		{C6DC0709-30F7-4737-ACE3-EDA6531A24DF}.Debug|Any CPU.Build.0 = Debug|Any CPU
		{C6DC0709-30F7-4737-ACE3-EDA6531A24DF}.Debug|ARM.ActiveCfg = Debug|Any CPU
		{C6DC0709-30F7-4737-ACE3-EDA6531A24DF}.Debug|x86.ActiveCfg = Debug|Any CPU
		{C6DC0709-30F7-4737-ACE3-EDA6531A24DF}.Release|Any CPU.ActiveCfg = Release|Any CPU
		{C6DC0709-30F7-4737-ACE3-EDA6531A24DF}.Release|Any CPU.Build.0 = Release|Any CPU
		{C6DC0709-30F7-4737-ACE3-EDA6531A24DF}.Release|ARM.ActiveCfg = Release|Any CPU
		{C6DC0709-30F7-4737-ACE3-EDA6531A24DF}.Release|x86.ActiveCfg = Release|Any CPU
		{F01EF335-BF29-4395-8BA5-ED37708B8724}.Debug|Any CPU.ActiveCfg = Debug|Any CPU
		{F01EF335-BF29-4395-8BA5-ED37708B8724}.Debug|Any CPU.Build.0 = Debug|Any CPU
		{F01EF335-BF29-4395-8BA5-ED37708B8724}.Debug|ARM.ActiveCfg = Debug|Any CPU
		{F01EF335-BF29-4395-8BA5-ED37708B8724}.Debug|x86.ActiveCfg = Debug|Any CPU
		{F01EF335-BF29-4395-8BA5-ED37708B8724}.Release|Any CPU.ActiveCfg = Release|Any CPU
		{F01EF335-BF29-4395-8BA5-ED37708B8724}.Release|Any CPU.Build.0 = Release|Any CPU
		{F01EF335-BF29-4395-8BA5-ED37708B8724}.Release|ARM.ActiveCfg = Release|Any CPU
		{F01EF335-BF29-4395-8BA5-ED37708B8724}.Release|x86.ActiveCfg = Release|Any CPU
		{2200E67E-605F-45FA-8DAD-B7F29999BF38}.Debug|Any CPU.ActiveCfg = Debug|Any CPU
		{2200E67E-605F-45FA-8DAD-B7F29999BF38}.Debug|Any CPU.Build.0 = Debug|Any CPU
		{2200E67E-605F-45FA-8DAD-B7F29999BF38}.Debug|ARM.ActiveCfg = Debug|Any CPU
		{2200E67E-605F-45FA-8DAD-B7F29999BF38}.Debug|x86.ActiveCfg = Debug|Any CPU
		{2200E67E-605F-45FA-8DAD-B7F29999BF38}.Release|Any CPU.ActiveCfg = Release|Any CPU
		{2200E67E-605F-45FA-8DAD-B7F29999BF38}.Release|Any CPU.Build.0 = Release|Any CPU
		{2200E67E-605F-45FA-8DAD-B7F29999BF38}.Release|ARM.ActiveCfg = Release|Any CPU
		{2200E67E-605F-45FA-8DAD-B7F29999BF38}.Release|x86.ActiveCfg = Release|Any CPU
		{CD7D12E1-B069-49B0-9043-B355FDBE81EA}.Debug|Any CPU.ActiveCfg = Debug|Any CPU
		{CD7D12E1-B069-49B0-9043-B355FDBE81EA}.Debug|Any CPU.Build.0 = Debug|Any CPU
		{CD7D12E1-B069-49B0-9043-B355FDBE81EA}.Debug|ARM.ActiveCfg = Debug|Any CPU
		{CD7D12E1-B069-49B0-9043-B355FDBE81EA}.Debug|x86.ActiveCfg = Debug|Any CPU
		{CD7D12E1-B069-49B0-9043-B355FDBE81EA}.Release|Any CPU.ActiveCfg = Release|Any CPU
		{CD7D12E1-B069-49B0-9043-B355FDBE81EA}.Release|Any CPU.Build.0 = Release|Any CPU
		{CD7D12E1-B069-49B0-9043-B355FDBE81EA}.Release|ARM.ActiveCfg = Release|Any CPU
		{CD7D12E1-B069-49B0-9043-B355FDBE81EA}.Release|x86.ActiveCfg = Release|Any CPU
		{141CEB8F-B719-464D-93A8-6983D9383C6A}.Debug|Any CPU.ActiveCfg = Debug|Any CPU
		{141CEB8F-B719-464D-93A8-6983D9383C6A}.Debug|Any CPU.Build.0 = Debug|Any CPU
		{141CEB8F-B719-464D-93A8-6983D9383C6A}.Debug|ARM.ActiveCfg = Debug|Any CPU
		{141CEB8F-B719-464D-93A8-6983D9383C6A}.Debug|x86.ActiveCfg = Debug|Any CPU
		{141CEB8F-B719-464D-93A8-6983D9383C6A}.Release|Any CPU.ActiveCfg = Release|Any CPU
		{141CEB8F-B719-464D-93A8-6983D9383C6A}.Release|Any CPU.Build.0 = Release|Any CPU
		{141CEB8F-B719-464D-93A8-6983D9383C6A}.Release|ARM.ActiveCfg = Release|Any CPU
		{141CEB8F-B719-464D-93A8-6983D9383C6A}.Release|x86.ActiveCfg = Release|Any CPU
		{84F97B08-DF50-47A5-B658-23C84F330E5A}.Debug|Any CPU.ActiveCfg = Debug|Any CPU
		{84F97B08-DF50-47A5-B658-23C84F330E5A}.Debug|Any CPU.Build.0 = Debug|Any CPU
		{84F97B08-DF50-47A5-B658-23C84F330E5A}.Debug|ARM.ActiveCfg = Debug|Any CPU
		{84F97B08-DF50-47A5-B658-23C84F330E5A}.Debug|x86.ActiveCfg = Debug|Any CPU
		{84F97B08-DF50-47A5-B658-23C84F330E5A}.Release|Any CPU.ActiveCfg = Release|Any CPU
		{84F97B08-DF50-47A5-B658-23C84F330E5A}.Release|Any CPU.Build.0 = Release|Any CPU
		{84F97B08-DF50-47A5-B658-23C84F330E5A}.Release|ARM.ActiveCfg = Release|Any CPU
		{84F97B08-DF50-47A5-B658-23C84F330E5A}.Release|x86.ActiveCfg = Release|Any CPU
		{082D0983-C28E-4FC0-AC49-D1122A3A09CE}.Debug|Any CPU.ActiveCfg = Debug|Any CPU
		{082D0983-C28E-4FC0-AC49-D1122A3A09CE}.Debug|Any CPU.Build.0 = Debug|Any CPU
		{082D0983-C28E-4FC0-AC49-D1122A3A09CE}.Debug|ARM.ActiveCfg = Debug|Any CPU
		{082D0983-C28E-4FC0-AC49-D1122A3A09CE}.Debug|x86.ActiveCfg = Debug|Any CPU
		{082D0983-C28E-4FC0-AC49-D1122A3A09CE}.Release|Any CPU.ActiveCfg = Release|Any CPU
		{082D0983-C28E-4FC0-AC49-D1122A3A09CE}.Release|Any CPU.Build.0 = Release|Any CPU
		{082D0983-C28E-4FC0-AC49-D1122A3A09CE}.Release|ARM.ActiveCfg = Release|Any CPU
		{082D0983-C28E-4FC0-AC49-D1122A3A09CE}.Release|x86.ActiveCfg = Release|Any CPU
		{E2A966FF-C7B4-4B5D-B9D5-1655596482C7}.Debug|Any CPU.ActiveCfg = Debug|Any CPU
		{E2A966FF-C7B4-4B5D-B9D5-1655596482C7}.Debug|Any CPU.Build.0 = Debug|Any CPU
		{E2A966FF-C7B4-4B5D-B9D5-1655596482C7}.Debug|ARM.ActiveCfg = Debug|Any CPU
		{E2A966FF-C7B4-4B5D-B9D5-1655596482C7}.Debug|x86.ActiveCfg = Debug|Any CPU
		{E2A966FF-C7B4-4B5D-B9D5-1655596482C7}.Release|Any CPU.ActiveCfg = Release|Any CPU
		{E2A966FF-C7B4-4B5D-B9D5-1655596482C7}.Release|Any CPU.Build.0 = Release|Any CPU
		{E2A966FF-C7B4-4B5D-B9D5-1655596482C7}.Release|ARM.ActiveCfg = Release|Any CPU
		{E2A966FF-C7B4-4B5D-B9D5-1655596482C7}.Release|x86.ActiveCfg = Release|Any CPU
		{8A4F7B2F-278A-4CCB-95FF-8CA24A450E42}.Debug|Any CPU.ActiveCfg = Debug|Any CPU
		{8A4F7B2F-278A-4CCB-95FF-8CA24A450E42}.Debug|Any CPU.Build.0 = Debug|Any CPU
		{8A4F7B2F-278A-4CCB-95FF-8CA24A450E42}.Debug|ARM.ActiveCfg = Debug|Any CPU
		{8A4F7B2F-278A-4CCB-95FF-8CA24A450E42}.Debug|x86.ActiveCfg = Debug|Any CPU
		{8A4F7B2F-278A-4CCB-95FF-8CA24A450E42}.Release|Any CPU.ActiveCfg = Release|Any CPU
		{8A4F7B2F-278A-4CCB-95FF-8CA24A450E42}.Release|Any CPU.Build.0 = Release|Any CPU
		{8A4F7B2F-278A-4CCB-95FF-8CA24A450E42}.Release|ARM.ActiveCfg = Release|Any CPU
		{8A4F7B2F-278A-4CCB-95FF-8CA24A450E42}.Release|x86.ActiveCfg = Release|Any CPU
		{BB31590F-34D7-4BB4-A02E-FC12832F5B09}.Debug|Any CPU.ActiveCfg = Debug|Any CPU
		{BB31590F-34D7-4BB4-A02E-FC12832F5B09}.Debug|Any CPU.Build.0 = Debug|Any CPU
		{BB31590F-34D7-4BB4-A02E-FC12832F5B09}.Debug|ARM.ActiveCfg = Debug|Any CPU
		{BB31590F-34D7-4BB4-A02E-FC12832F5B09}.Debug|x86.ActiveCfg = Debug|Any CPU
		{BB31590F-34D7-4BB4-A02E-FC12832F5B09}.Release|Any CPU.ActiveCfg = Release|Any CPU
		{BB31590F-34D7-4BB4-A02E-FC12832F5B09}.Release|Any CPU.Build.0 = Release|Any CPU
		{BB31590F-34D7-4BB4-A02E-FC12832F5B09}.Release|ARM.ActiveCfg = Release|Any CPU
		{BB31590F-34D7-4BB4-A02E-FC12832F5B09}.Release|x86.ActiveCfg = Release|Any CPU
		{00CA6E57-2690-49CA-B104-A2CF2721D49A}.Debug|Any CPU.ActiveCfg = Debug|Any CPU
		{00CA6E57-2690-49CA-B104-A2CF2721D49A}.Debug|Any CPU.Build.0 = Debug|Any CPU
		{00CA6E57-2690-49CA-B104-A2CF2721D49A}.Debug|ARM.ActiveCfg = Debug|Any CPU
		{00CA6E57-2690-49CA-B104-A2CF2721D49A}.Debug|x86.ActiveCfg = Debug|Any CPU
		{00CA6E57-2690-49CA-B104-A2CF2721D49A}.Release|Any CPU.ActiveCfg = Release|Any CPU
		{00CA6E57-2690-49CA-B104-A2CF2721D49A}.Release|Any CPU.Build.0 = Release|Any CPU
		{00CA6E57-2690-49CA-B104-A2CF2721D49A}.Release|ARM.ActiveCfg = Release|Any CPU
		{00CA6E57-2690-49CA-B104-A2CF2721D49A}.Release|x86.ActiveCfg = Release|Any CPU
		{0E56902B-F5E7-4DC6-95B2-315CBD12C984}.Debug|Any CPU.ActiveCfg = Debug|Any CPU
		{0E56902B-F5E7-4DC6-95B2-315CBD12C984}.Debug|Any CPU.Build.0 = Debug|Any CPU
		{0E56902B-F5E7-4DC6-95B2-315CBD12C984}.Debug|ARM.ActiveCfg = Debug|Any CPU
		{0E56902B-F5E7-4DC6-95B2-315CBD12C984}.Debug|x86.ActiveCfg = Debug|Any CPU
		{0E56902B-F5E7-4DC6-95B2-315CBD12C984}.Release|Any CPU.ActiveCfg = Release|Any CPU
		{0E56902B-F5E7-4DC6-95B2-315CBD12C984}.Release|Any CPU.Build.0 = Release|Any CPU
		{0E56902B-F5E7-4DC6-95B2-315CBD12C984}.Release|ARM.ActiveCfg = Release|Any CPU
		{0E56902B-F5E7-4DC6-95B2-315CBD12C984}.Release|x86.ActiveCfg = Release|Any CPU
	EndGlobalSection
	GlobalSection(SolutionProperties) = preSolution
		HideSolutionNode = FALSE
	EndGlobalSection
	GlobalSection(NestedProjects) = preSolution
		{E2A966FF-C7B4-4B5D-B9D5-1655596482C7} = {1F3B28AC-317E-432D-9152-8C6F1588568A}
		{8A4F7B2F-278A-4CCB-95FF-8CA24A450E42} = {1F3B28AC-317E-432D-9152-8C6F1588568A}
		{CD7D12E1-B069-49B0-9043-B355FDBE81EA} = {46CF2198-6DBB-4447-87DE-83B45EC0F422}
		{C6DC0709-30F7-4737-ACE3-EDA6531A24DF} = {46CF2198-6DBB-4447-87DE-83B45EC0F422}
		{F01EF335-BF29-4395-8BA5-ED37708B8724} = {7EF87E72-1066-496B-92E5-4E4B5417928A}
		{84F97B08-DF50-47A5-B658-23C84F330E5A} = {7EF87E72-1066-496B-92E5-4E4B5417928A}
		{BB31590F-34D7-4BB4-A02E-FC12832F5B09} = {7EF87E72-1066-496B-92E5-4E4B5417928A}
		{00CA6E57-2690-49CA-B104-A2CF2721D49A} = {7EF87E72-1066-496B-92E5-4E4B5417928A}
	EndGlobalSection
EndGlobal
